
Microsoft Visual Studio Solution File, Format Version 12.00
# Visual Studio Version 16
VisualStudioVersion = 16.0.29324.140
MinimumVisualStudioVersion = 10.0.40219.1
Project("{FAE04EC0-301F-11D3-BF4B-00C04F79EFBC}") = "hoverfly-dotnet-demo", "hoverfly-dotnet-demo\hoverfly-dotnet-demo.csproj", "{DD0FC01F-9A45-4270-B6D2-807D9FAB5BA3}"
EndProject
Project("{FAE04EC0-301F-11D3-BF4B-00C04F79EFBC}") = "hoverfly-dotnet-demo-tests", "hoverfly-dotnet-demo-tests\hoverfly-dotnet-demo-tests.csproj", "{9FAFA4D0-5D9D-4C66-A591-EFA34FAD3D6B}"
EndProject
Project("{2150E333-8FDC-42A3-9474-1A3956D46DE8}") = "Hoverfly", "Hoverfly", "{029DF17F-6EC7-43FB-8E9F-0127741047D7}"
	ProjectSection(SolutionItems) = preProject
		Hoverfly\hoverctl.exe = Hoverfly\hoverctl.exe
		Hoverfly\hoverfly.exe = Hoverfly\hoverfly.exe
		Hoverfly\LICENSE.txt = Hoverfly\LICENSE.txt
		Hoverfly\VERSION.txt = Hoverfly\VERSION.txt
	EndProjectSection
EndProject
Global
	GlobalSection(SolutionConfigurationPlatforms) = preSolution
		Debug|Any CPU = Debug|Any CPU
		Release|Any CPU = Release|Any CPU
	EndGlobalSection
	GlobalSection(ProjectConfigurationPlatforms) = postSolution
		{DD0FC01F-9A45-4270-B6D2-807D9FAB5BA3}.Debug|Any CPU.ActiveCfg = Debug|Any CPU
		{DD0FC01F-9A45-4270-B6D2-807D9FAB5BA3}.Debug|Any CPU.Build.0 = Debug|Any CPU
		{DD0FC01F-9A45-4270-B6D2-807D9FAB5BA3}.Release|Any CPU.ActiveCfg = Release|Any CPU
		{DD0FC01F-9A45-4270-B6D2-807D9FAB5BA3}.Release|Any CPU.Build.0 = Release|Any CPU
		{9FAFA4D0-5D9D-4C66-A591-EFA34FAD3D6B}.Debug|Any CPU.ActiveCfg = Debug|Any CPU
		{9FAFA4D0-5D9D-4C66-A591-EFA34FAD3D6B}.Debug|Any CPU.Build.0 = Debug|Any CPU
		{9FAFA4D0-5D9D-4C66-A591-EFA34FAD3D6B}.Release|Any CPU.ActiveCfg = Release|Any CPU
		{9FAFA4D0-5D9D-4C66-A591-EFA34FAD3D6B}.Release|Any CPU.Build.0 = Release|Any CPU
	EndGlobalSection
	GlobalSection(SolutionProperties) = preSolution
		HideSolutionNode = FALSE
	EndGlobalSection
	GlobalSection(ExtensibilityGlobals) = postSolution
		SolutionGuid = {A22222F2-0AAF-41E2-94B2-CBD2211BC7A2}
	EndGlobalSection
EndGlobal
